// !$*UTF8*$!
{
	archiveVersion = 1;
	classes = {
	};
	objectVersion = 50;
	objects = {

/* Begin PBXBuildFile section */
		48BA785D247184D400ACA5F6 /* AppDelegate.swift in Sources */ = {isa = PBXBuildFile; fileRef = 48BA785C247184D400ACA5F6 /* AppDelegate.swift */; };
		48BA785F247184D400ACA5F6 /* SceneDelegate.swift in Sources */ = {isa = PBXBuildFile; fileRef = 48BA785E247184D400ACA5F6 /* SceneDelegate.swift */; };
		48BA7862247184D400ACA5F6 /* Movie_Tracker.xcdatamodeld in Sources */ = {isa = PBXBuildFile; fileRef = 48BA7860247184D400ACA5F6 /* Movie_Tracker.xcdatamodeld */; };
		48BA7864247184D400ACA5F6 /* ContentView.swift in Sources */ = {isa = PBXBuildFile; fileRef = 48BA7863247184D400ACA5F6 /* ContentView.swift */; };
		48BA7866247184D600ACA5F6 /* Assets.xcassets in Resources */ = {isa = PBXBuildFile; fileRef = 48BA7865247184D600ACA5F6 /* Assets.xcassets */; };
		48BA7869247184D600ACA5F6 /* Preview Assets.xcassets in Resources */ = {isa = PBXBuildFile; fileRef = 48BA7868247184D600ACA5F6 /* Preview Assets.xcassets */; };
		48BA786C247184D600ACA5F6 /* LaunchScreen.storyboard in Resources */ = {isa = PBXBuildFile; fileRef = 48BA786A247184D600ACA5F6 /* LaunchScreen.storyboard */; };
		48BA7877247184D700ACA5F6 /* Movie_TrackerTests.swift in Sources */ = {isa = PBXBuildFile; fileRef = 48BA7876247184D700ACA5F6 /* Movie_TrackerTests.swift */; };
		48BA7882247184D700ACA5F6 /* Movie_TrackerUITests.swift in Sources */ = {isa = PBXBuildFile; fileRef = 48BA7881247184D700ACA5F6 /* Movie_TrackerUITests.swift */; };
/* End PBXBuildFile section */

/* Begin PBXContainerItemProxy section */
		48BA7873247184D700ACA5F6 /* PBXContainerItemProxy */ = {
			isa = PBXContainerItemProxy;
			containerPortal = 48BA7851247184D400ACA5F6 /* Project object */;
			proxyType = 1;
			remoteGlobalIDString = 48BA7858247184D400ACA5F6;
			remoteInfo = "Movie-Tracker";
		};
		48BA787E247184D700ACA5F6 /* PBXContainerItemProxy */ = {
			isa = PBXContainerItemProxy;
			containerPortal = 48BA7851247184D400ACA5F6 /* Project object */;
			proxyType = 1;
			remoteGlobalIDString = 48BA7858247184D400ACA5F6;
			remoteInfo = "Movie-Tracker";
		};
/* End PBXContainerItemProxy section */

/* Begin PBXFileReference section */
		48BA7859247184D400ACA5F6 /* Movie-Tracker.app */ = {isa = PBXFileReference; explicitFileType = wrapper.application; includeInIndex = 0; path = "Movie-Tracker.app"; sourceTree = BUILT_PRODUCTS_DIR; };
		48BA785C247184D400ACA5F6 /* AppDelegate.swift */ = {isa = PBXFileReference; lastKnownFileType = sourcecode.swift; path = AppDelegate.swift; sourceTree = "<group>"; };
		48BA785E247184D400ACA5F6 /* SceneDelegate.swift */ = {isa = PBXFileReference; lastKnownFileType = sourcecode.swift; path = SceneDelegate.swift; sourceTree = "<group>"; };
		48BA7861247184D400ACA5F6 /* Movie_Tracker.xcdatamodel */ = {isa = PBXFileReference; lastKnownFileType = wrapper.xcdatamodel; path = Movie_Tracker.xcdatamodel; sourceTree = "<group>"; };
		48BA7863247184D400ACA5F6 /* ContentView.swift */ = {isa = PBXFileReference; lastKnownFileType = sourcecode.swift; path = ContentView.swift; sourceTree = "<group>"; };
		48BA7865247184D600ACA5F6 /* Assets.xcassets */ = {isa = PBXFileReference; lastKnownFileType = folder.assetcatalog; path = Assets.xcassets; sourceTree = "<group>"; };
		48BA7868247184D600ACA5F6 /* Preview Assets.xcassets */ = {isa = PBXFileReference; lastKnownFileType = folder.assetcatalog; path = "Preview Assets.xcassets"; sourceTree = "<group>"; };
		48BA786B247184D600ACA5F6 /* Base */ = {isa = PBXFileReference; lastKnownFileType = file.storyboard; name = Base; path = Base.lproj/LaunchScreen.storyboard; sourceTree = "<group>"; };
		48BA786D247184D600ACA5F6 /* Info.plist */ = {isa = PBXFileReference; lastKnownFileType = text.plist.xml; path = Info.plist; sourceTree = "<group>"; };
		48BA7872247184D700ACA5F6 /* Movie-TrackerTests.xctest */ = {isa = PBXFileReference; explicitFileType = wrapper.cfbundle; includeInIndex = 0; path = "Movie-TrackerTests.xctest"; sourceTree = BUILT_PRODUCTS_DIR; };
		48BA7876247184D700ACA5F6 /* Movie_TrackerTests.swift */ = {isa = PBXFileReference; lastKnownFileType = sourcecode.swift; path = Movie_TrackerTests.swift; sourceTree = "<group>"; };
		48BA7878247184D700ACA5F6 /* Info.plist */ = {isa = PBXFileReference; lastKnownFileType = text.plist.xml; path = Info.plist; sourceTree = "<group>"; };
		48BA787D247184D700ACA5F6 /* Movie-TrackerUITests.xctest */ = {isa = PBXFileReference; explicitFileType = wrapper.cfbundle; includeInIndex = 0; path = "Movie-TrackerUITests.xctest"; sourceTree = BUILT_PRODUCTS_DIR; };
		48BA7881247184D700ACA5F6 /* Movie_TrackerUITests.swift */ = {isa = PBXFileReference; lastKnownFileType = sourcecode.swift; path = Movie_TrackerUITests.swift; sourceTree = "<group>"; };
		48BA7883247184D700ACA5F6 /* Info.plist */ = {isa = PBXFileReference; lastKnownFileType = text.plist.xml; path = Info.plist; sourceTree = "<group>"; };
/* End PBXFileReference section */

/* Begin PBXFrameworksBuildPhase section */
		48BA7856247184D400ACA5F6 /* Frameworks */ = {
			isa = PBXFrameworksBuildPhase;
			buildActionMask = 2147483647;
			files = (
			);
			runOnlyForDeploymentPostprocessing = 0;
		};
		48BA786F247184D700ACA5F6 /* Frameworks */ = {
			isa = PBXFrameworksBuildPhase;
			buildActionMask = 2147483647;
			files = (
			);
			runOnlyForDeploymentPostprocessing = 0;
		};
		48BA787A247184D700ACA5F6 /* Frameworks */ = {
			isa = PBXFrameworksBuildPhase;
			buildActionMask = 2147483647;
			files = (
			);
			runOnlyForDeploymentPostprocessing = 0;
		};
/* End PBXFrameworksBuildPhase section */

/* Begin PBXGroup section */
		48BA7850247184D400ACA5F6 = {
			isa = PBXGroup;
			children = (
				48BA785B247184D400ACA5F6 /* Movie-Tracker */,
				48BA7875247184D700ACA5F6 /* Movie-TrackerTests */,
				48BA7880247184D700ACA5F6 /* Movie-TrackerUITests */,
				48BA785A247184D400ACA5F6 /* Products */,
			);
			sourceTree = "<group>";
		};
		48BA785A247184D400ACA5F6 /* Products */ = {
			isa = PBXGroup;
			children = (
				48BA7859247184D400ACA5F6 /* Movie-Tracker.app */,
				48BA7872247184D700ACA5F6 /* Movie-TrackerTests.xctest */,
				48BA787D247184D700ACA5F6 /* Movie-TrackerUITests.xctest */,
			);
			name = Products;
			sourceTree = "<group>";
		};
		48BA785B247184D400ACA5F6 /* Movie-Tracker */ = {
			isa = PBXGroup;
			children = (
				48BA785C247184D400ACA5F6 /* AppDelegate.swift */,
				48BA785E247184D400ACA5F6 /* SceneDelegate.swift */,
				48BA7863247184D400ACA5F6 /* ContentView.swift */,
				48BA7865247184D600ACA5F6 /* Assets.xcassets */,
				48BA786A247184D600ACA5F6 /* LaunchScreen.storyboard */,
				48BA786D247184D600ACA5F6 /* Info.plist */,
				48BA7860247184D400ACA5F6 /* Movie_Tracker.xcdatamodeld */,
				48BA7867247184D600ACA5F6 /* Preview Content */,
			);
			path = "Movie-Tracker";
			sourceTree = "<group>";
		};
		48BA7867247184D600ACA5F6 /* Preview Content */ = {
			isa = PBXGroup;
			children = (
				48BA7868247184D600ACA5F6 /* Preview Assets.xcassets */,
			);
			path = "Preview Content";
			sourceTree = "<group>";
		};
		48BA7875247184D700ACA5F6 /* Movie-TrackerTests */ = {
			isa = PBXGroup;
			children = (
				48BA7876247184D700ACA5F6 /* Movie_TrackerTests.swift */,
				48BA7878247184D700ACA5F6 /* Info.plist */,
			);
			path = "Movie-TrackerTests";
			sourceTree = "<group>";
		};
		48BA7880247184D700ACA5F6 /* Movie-TrackerUITests */ = {
			isa = PBXGroup;
			children = (
				48BA7881247184D700ACA5F6 /* Movie_TrackerUITests.swift */,
				48BA7883247184D700ACA5F6 /* Info.plist */,
			);
			path = "Movie-TrackerUITests";
			sourceTree = "<group>";
		};
/* End PBXGroup section */

/* Begin PBXNativeTarget section */
		48BA7858247184D400ACA5F6 /* Movie-Tracker */ = {
			isa = PBXNativeTarget;
			buildConfigurationList = 48BA7886247184D700ACA5F6 /* Build configuration list for PBXNativeTarget "Movie-Tracker" */;
			buildPhases = (
				48BA7855247184D400ACA5F6 /* Sources */,
				48BA7856247184D400ACA5F6 /* Frameworks */,
				48BA7857247184D400ACA5F6 /* Resources */,
			);
			buildRules = (
			);
			dependencies = (
			);
			name = "Movie-Tracker";
			productName = "Movie-Tracker";
			productReference = 48BA7859247184D400ACA5F6 /* Movie-Tracker.app */;
			productType = "com.apple.product-type.application";
		};
		48BA7871247184D700ACA5F6 /* Movie-TrackerTests */ = {
			isa = PBXNativeTarget;
			buildConfigurationList = 48BA7889247184D700ACA5F6 /* Build configuration list for PBXNativeTarget "Movie-TrackerTests" */;
			buildPhases = (
				48BA786E247184D700ACA5F6 /* Sources */,
				48BA786F247184D700ACA5F6 /* Frameworks */,
				48BA7870247184D700ACA5F6 /* Resources */,
			);
			buildRules = (
			);
			dependencies = (
				48BA7874247184D700ACA5F6 /* PBXTargetDependency */,
			);
			name = "Movie-TrackerTests";
			productName = "Movie-TrackerTests";
			productReference = 48BA7872247184D700ACA5F6 /* Movie-TrackerTests.xctest */;
			productType = "com.apple.product-type.bundle.unit-test";
		};
		48BA787C247184D700ACA5F6 /* Movie-TrackerUITests */ = {
			isa = PBXNativeTarget;
			buildConfigurationList = 48BA788C247184D700ACA5F6 /* Build configuration list for PBXNativeTarget "Movie-TrackerUITests" */;
			buildPhases = (
				48BA7879247184D700ACA5F6 /* Sources */,
				48BA787A247184D700ACA5F6 /* Frameworks */,
				48BA787B247184D700ACA5F6 /* Resources */,
			);
			buildRules = (
			);
			dependencies = (
				48BA787F247184D700ACA5F6 /* PBXTargetDependency */,
			);
			name = "Movie-TrackerUITests";
			productName = "Movie-TrackerUITests";
			productReference = 48BA787D247184D700ACA5F6 /* Movie-TrackerUITests.xctest */;
			productType = "com.apple.product-type.bundle.ui-testing";
		};
/* End PBXNativeTarget section */

/* Begin PBXProject section */
		48BA7851247184D400ACA5F6 /* Project object */ = {
			isa = PBXProject;
			attributes = {
				LastSwiftUpdateCheck = 1130;
				LastUpgradeCheck = 1130;
				ORGANIZATIONNAME = "Denis Tsoi";
				TargetAttributes = {
					48BA7858247184D400ACA5F6 = {
						CreatedOnToolsVersion = 11.3.1;
					};
					48BA7871247184D700ACA5F6 = {
						CreatedOnToolsVersion = 11.3.1;
						TestTargetID = 48BA7858247184D400ACA5F6;
					};
					48BA787C247184D700ACA5F6 = {
						CreatedOnToolsVersion = 11.3.1;
						TestTargetID = 48BA7858247184D400ACA5F6;
					};
				};
			};
			buildConfigurationList = 48BA7854247184D400ACA5F6 /* Build configuration list for PBXProject "Movie-Tracker" */;
			compatibilityVersion = "Xcode 9.3";
			developmentRegion = en;
			hasScannedForEncodings = 0;
			knownRegions = (
				en,
				Base,
			);
			mainGroup = 48BA7850247184D400ACA5F6;
			productRefGroup = 48BA785A247184D400ACA5F6 /* Products */;
			projectDirPath = "";
			projectRoot = "";
			targets = (
				48BA7858247184D400ACA5F6 /* Movie-Tracker */,
				48BA7871247184D700ACA5F6 /* Movie-TrackerTests */,
				48BA787C247184D700ACA5F6 /* Movie-TrackerUITests */,
			);
		};
/* End PBXProject section */

/* Begin PBXResourcesBuildPhase section */
		48BA7857247184D400ACA5F6 /* Resources */ = {
			isa = PBXResourcesBuildPhase;
			buildActionMask = 2147483647;
			files = (
				48BA786C247184D600ACA5F6 /* LaunchScreen.storyboard in Resources */,
				48BA7869247184D600ACA5F6 /* Preview Assets.xcassets in Resources */,
				48BA7866247184D600ACA5F6 /* Assets.xcassets in Resources */,
			);
			runOnlyForDeploymentPostprocessing = 0;
		};
		48BA7870247184D700ACA5F6 /* Resources */ = {
			isa = PBXResourcesBuildPhase;
			buildActionMask = 2147483647;
			files = (
			);
			runOnlyForDeploymentPostprocessing = 0;
		};
		48BA787B247184D700ACA5F6 /* Resources */ = {
			isa = PBXResourcesBuildPhase;
			buildActionMask = 2147483647;
			files = (
			);
			runOnlyForDeploymentPostprocessing = 0;
		};
/* End PBXResourcesBuildPhase section */

/* Begin PBXSourcesBuildPhase section */
		48BA7855247184D400ACA5F6 /* Sources */ = {
			isa = PBXSourcesBuildPhase;
			buildActionMask = 2147483647;
			files = (
				48BA7862247184D400ACA5F6 /* Movie_Tracker.xcdatamodeld in Sources */,
				48BA785D247184D400ACA5F6 /* AppDelegate.swift in Sources */,
				48BA7864247184D400ACA5F6 /* ContentView.swift in Sources */,
				48BA785F247184D400ACA5F6 /* SceneDelegate.swift in Sources */,
			);
			runOnlyForDeploymentPostprocessing = 0;
		};
		48BA786E247184D700ACA5F6 /* Sources */ = {
			isa = PBXSourcesBuildPhase;
			buildActionMask = 2147483647;
			files = (
				48BA7877247184D700ACA5F6 /* Movie_TrackerTests.swift in Sources */,
			);
			runOnlyForDeploymentPostprocessing = 0;
		};
		48BA7879247184D700ACA5F6 /* Sources */ = {
			isa = PBXSourcesBuildPhase;
			buildActionMask = 2147483647;
			files = (
				48BA7882247184D700ACA5F6 /* Movie_TrackerUITests.swift in Sources */,
			);
			runOnlyForDeploymentPostprocessing = 0;
		};
/* End PBXSourcesBuildPhase section */

/* Begin PBXTargetDependency section */
		48BA7874247184D700ACA5F6 /* PBXTargetDependency */ = {
			isa = PBXTargetDependency;
			target = 48BA7858247184D400ACA5F6 /* Movie-Tracker */;
			targetProxy = 48BA7873247184D700ACA5F6 /* PBXContainerItemProxy */;
		};
		48BA787F247184D700ACA5F6 /* PBXTargetDependency */ = {
			isa = PBXTargetDependency;
			target = 48BA7858247184D400ACA5F6 /* Movie-Tracker */;
			targetProxy = 48BA787E247184D700ACA5F6 /* PBXContainerItemProxy */;
		};
/* End PBXTargetDependency section */

/* Begin PBXVariantGroup section */
		48BA786A247184D600ACA5F6 /* LaunchScreen.storyboard */ = {
			isa = PBXVariantGroup;
			children = (
				48BA786B247184D600ACA5F6 /* Base */,
			);
			name = LaunchScreen.storyboard;
			sourceTree = "<group>";
		};
/* End PBXVariantGroup section */

/* Begin XCBuildConfiguration section */
		48BA7884247184D700ACA5F6 /* Debug */ = {
			isa = XCBuildConfiguration;
			buildSettings = {
				ALWAYS_SEARCH_USER_PATHS = NO;
				CLANG_ANALYZER_NONNULL = YES;
				CLANG_ANALYZER_NUMBER_OBJECT_CONVERSION = YES_AGGRESSIVE;
				CLANG_CXX_LANGUAGE_STANDARD = "gnu++14";
				CLANG_CXX_LIBRARY = "libc++";
				CLANG_ENABLE_MODULES = YES;
				CLANG_ENABLE_OBJC_ARC = YES;
				CLANG_ENABLE_OBJC_WEAK = YES;
				CLANG_WARN_BLOCK_CAPTURE_AUTORELEASING = YES;
				CLANG_WARN_BOOL_CONVERSION = YES;
				CLANG_WARN_COMMA = YES;
				CLANG_WARN_CONSTANT_CONVERSION = YES;
				CLANG_WARN_DEPRECATED_OBJC_IMPLEMENTATIONS = YES;
				CLANG_WARN_DIRECT_OBJC_ISA_USAGE = YES_ERROR;
				CLANG_WARN_DOCUMENTATION_COMMENTS = YES;
				CLANG_WARN_EMPTY_BODY = YES;
				CLANG_WARN_ENUM_CONVERSION = YES;
				CLANG_WARN_INFINITE_RECURSION = YES;
				CLANG_WARN_INT_CONVERSION = YES;
				CLANG_WARN_NON_LITERAL_NULL_CONVERSION = YES;
				CLANG_WARN_OBJC_IMPLICIT_RETAIN_SELF = YES;
				CLANG_WARN_OBJC_LITERAL_CONVERSION = YES;
				CLANG_WARN_OBJC_ROOT_CLASS = YES_ERROR;
				CLANG_WARN_RANGE_LOOP_ANALYSIS = YES;
				CLANG_WARN_STRICT_PROTOTYPES = YES;
				CLANG_WARN_SUSPICIOUS_MOVE = YES;
				CLANG_WARN_UNGUARDED_AVAILABILITY = YES_AGGRESSIVE;
				CLANG_WARN_UNREACHABLE_CODE = YES;
				CLANG_WARN__DUPLICATE_METHOD_MATCH = YES;
				COPY_PHASE_STRIP = NO;
				DEBUG_INFORMATION_FORMAT = dwarf;
				ENABLE_STRICT_OBJC_MSGSEND = YES;
				ENABLE_TESTABILITY = YES;
				GCC_C_LANGUAGE_STANDARD = gnu11;
				GCC_DYNAMIC_NO_PIC = NO;
				GCC_NO_COMMON_BLOCKS = YES;
				GCC_OPTIMIZATION_LEVEL = 0;
				GCC_PREPROCESSOR_DEFINITIONS = (
					"DEBUG=1",
					"$(inherited)",
				);
				GCC_WARN_64_TO_32_BIT_CONVERSION = YES;
				GCC_WARN_ABOUT_RETURN_TYPE = YES_ERROR;
				GCC_WARN_UNDECLARED_SELECTOR = YES;
				GCC_WARN_UNINITIALIZED_AUTOS = YES_AGGRESSIVE;
				GCC_WARN_UNUSED_FUNCTION = YES;
				GCC_WARN_UNUSED_VARIABLE = YES;
				IPHONEOS_DEPLOYMENT_TARGET = 13.2;
				MTL_ENABLE_DEBUG_INFO = INCLUDE_SOURCE;
				MTL_FAST_MATH = YES;
				ONLY_ACTIVE_ARCH = YES;
				SDKROOT = iphoneos;
				SWIFT_ACTIVE_COMPILATION_CONDITIONS = DEBUG;
				SWIFT_OPTIMIZATION_LEVEL = "-Onone";
			};
			name = Debug;
		};
		48BA7885247184D700ACA5F6 /* Release */ = {
			isa = XCBuildConfiguration;
			buildSettings = {
				ALWAYS_SEARCH_USER_PATHS = NO;
				CLANG_ANALYZER_NONNULL = YES;
				CLANG_ANALYZER_NUMBER_OBJECT_CONVERSION = YES_AGGRESSIVE;
				CLANG_CXX_LANGUAGE_STANDARD = "gnu++14";
				CLANG_CXX_LIBRARY = "libc++";
				CLANG_ENABLE_MODULES = YES;
				CLANG_ENABLE_OBJC_ARC = YES;
				CLANG_ENABLE_OBJC_WEAK = YES;
				CLANG_WARN_BLOCK_CAPTURE_AUTORELEASING = YES;
				CLANG_WARN_BOOL_CONVERSION = YES;
				CLANG_WARN_COMMA = YES;
				CLANG_WARN_CONSTANT_CONVERSION = YES;
				CLANG_WARN_DEPRECATED_OBJC_IMPLEMENTATIONS = YES;
				CLANG_WARN_DIRECT_OBJC_ISA_USAGE = YES_ERROR;
				CLANG_WARN_DOCUMENTATION_COMMENTS = YES;
				CLANG_WARN_EMPTY_BODY = YES;
				CLANG_WARN_ENUM_CONVERSION = YES;
				CLANG_WARN_INFINITE_RECURSION = YES;
				CLANG_WARN_INT_CONVERSION = YES;
				CLANG_WARN_NON_LITERAL_NULL_CONVERSION = YES;
				CLANG_WARN_OBJC_IMPLICIT_RETAIN_SELF = YES;
				CLANG_WARN_OBJC_LITERAL_CONVERSION = YES;
				CLANG_WARN_OBJC_ROOT_CLASS = YES_ERROR;
				CLANG_WARN_RANGE_LOOP_ANALYSIS = YES;
				CLANG_WARN_STRICT_PROTOTYPES = YES;
				CLANG_WARN_SUSPICIOUS_MOVE = YES;
				CLANG_WARN_UNGUARDED_AVAILABILITY = YES_AGGRESSIVE;
				CLANG_WARN_UNREACHABLE_CODE = YES;
				CLANG_WARN__DUPLICATE_METHOD_MATCH = YES;
				COPY_PHASE_STRIP = NO;
				DEBUG_INFORMATION_FORMAT = "dwarf-with-dsym";
				ENABLE_NS_ASSERTIONS = NO;
				ENABLE_STRICT_OBJC_MSGSEND = YES;
				GCC_C_LANGUAGE_STANDARD = gnu11;
				GCC_NO_COMMON_BLOCKS = YES;
				GCC_WARN_64_TO_32_BIT_CONVERSION = YES;
				GCC_WARN_ABOUT_RETURN_TYPE = YES_ERROR;
				GCC_WARN_UNDECLARED_SELECTOR = YES;
				GCC_WARN_UNINITIALIZED_AUTOS = YES_AGGRESSIVE;
				GCC_WARN_UNUSED_FUNCTION = YES;
				GCC_WARN_UNUSED_VARIABLE = YES;
				IPHONEOS_DEPLOYMENT_TARGET = 13.2;
				MTL_ENABLE_DEBUG_INFO = NO;
				MTL_FAST_MATH = YES;
				SDKROOT = iphoneos;
				SWIFT_COMPILATION_MODE = wholemodule;
				SWIFT_OPTIMIZATION_LEVEL = "-O";
				VALIDATE_PRODUCT = YES;
			};
			name = Release;
		};
		48BA7887247184D700ACA5F6 /* Debug */ = {
			isa = XCBuildConfiguration;
			buildSettings = {
				ASSETCATALOG_COMPILER_APPICON_NAME = AppIcon;
				CODE_SIGN_STYLE = Automatic;
				DEVELOPMENT_ASSET_PATHS = "\"Movie-Tracker/Preview Content\"";
				ENABLE_PREVIEWS = YES;
				INFOPLIST_FILE = "Movie-Tracker/Info.plist";
				LD_RUNPATH_SEARCH_PATHS = (
					"$(inherited)",
					"@executable_path/Frameworks",
				);
				PRODUCT_BUNDLE_IDENTIFIER = "denistsoi.Movie-Tracker";
				PRODUCT_NAME = "$(TARGET_NAME)";
				SWIFT_VERSION = 5.0;
				TARGETED_DEVICE_FAMILY = "1,2";
			};
			name = Debug;
		};
		48BA7888247184D700ACA5F6 /* Release */ = {
			isa = XCBuildConfiguration;
			buildSettings = {
				ASSETCATALOG_COMPILER_APPICON_NAME = AppIcon;
				CODE_SIGN_STYLE = Automatic;
				DEVELOPMENT_ASSET_PATHS = "\"Movie-Tracker/Preview Content\"";
				ENABLE_PREVIEWS = YES;
				INFOPLIST_FILE = "Movie-Tracker/Info.plist";
				LD_RUNPATH_SEARCH_PATHS = (
					"$(inherited)",
					"@executable_path/Frameworks",
				);
				PRODUCT_BUNDLE_IDENTIFIER = "denistsoi.Movie-Tracker";
				PRODUCT_NAME = "$(TARGET_NAME)";
				SWIFT_VERSION = 5.0;
				TARGETED_DEVICE_FAMILY = "1,2";
			};
			name = Release;
		};
		48BA788A247184D700ACA5F6 /* Debug */ = {
			isa = XCBuildConfiguration;
			buildSettings = {
				ALWAYS_EMBED_SWIFT_STANDARD_LIBRARIES = YES;
				BUNDLE_LOADER = "$(TEST_HOST)";
				CODE_SIGN_STYLE = Automatic;
				INFOPLIST_FILE = "Movie-TrackerTests/Info.plist";
				IPHONEOS_DEPLOYMENT_TARGET = 13.2;
				LD_RUNPATH_SEARCH_PATHS = (
					"$(inherited)",
					"@executable_path/Frameworks",
					"@loader_path/Frameworks",
				);
				PRODUCT_BUNDLE_IDENTIFIER = "denistsoi.Movie-TrackerTests";
				PRODUCT_NAME = "$(TARGET_NAME)";
				SWIFT_VERSION = 5.0;
				TARGETED_DEVICE_FAMILY = "1,2";
				TEST_HOST = "$(BUILT_PRODUCTS_DIR)/Movie-Tracker.app/Movie-Tracker";
			};
			name = Debug;
		};
		48BA788B247184D700ACA5F6 /* Release */ = {
			isa = XCBuildConfiguration;
			buildSettings = {
				ALWAYS_EMBED_SWIFT_STANDARD_LIBRARIES = YES;
				BUNDLE_LOADER = "$(TEST_HOST)";
				CODE_SIGN_STYLE = Automatic;
				INFOPLIST_FILE = "Movie-TrackerTests/Info.plist";
				IPHONEOS_DEPLOYMENT_TARGET = 13.2;
				LD_RUNPATH_SEARCH_PATHS = (
					"$(inherited)",
					"@executable_path/Frameworks",
					"@loader_path/Frameworks",
				);
				PRODUCT_BUNDLE_IDENTIFIER = "denistsoi.Movie-TrackerTests";
				PRODUCT_NAME = "$(TARGET_NAME)";
				SWIFT_VERSION = 5.0;
				TARGETED_DEVICE_FAMILY = "1,2";
				TEST_HOST = "$(BUILT_PRODUCTS_DIR)/Movie-Tracker.app/Movie-Tracker";
			};
			name = Release;
		};
		48BA788D247184D700ACA5F6 /* Debug */ = {
			isa = XCBuildConfiguration;
			buildSettings = {
				ALWAYS_EMBED_SWIFT_STANDARD_LIBRARIES = YES;
				CODE_SIGN_STYLE = Automatic;
				INFOPLIST_FILE = "Movie-TrackerUITests/Info.plist";
				LD_RUNPATH_SEARCH_PATHS = (
					"$(inherited)",
					"@executable_path/Frameworks",
					"@loader_path/Frameworks",
				);
				PRODUCT_BUNDLE_IDENTIFIER = "denistsoi.Movie-TrackerUITests";
				PRODUCT_NAME = "$(TARGET_NAME)";
				SWIFT_VERSION = 5.0;
				TARGETED_DEVICE_FAMILY = "1,2";
				TEST_TARGET_NAME = "Movie-Tracker";
			};
			name = Debug;
		};
		48BA788E247184D700ACA5F6 /* Release */ = {
			isa = XCBuildConfiguration;
			buildSettings = {
				ALWAYS_EMBED_SWIFT_STANDARD_LIBRARIES = YES;
				CODE_SIGN_STYLE = Automatic;
				INFOPLIST_FILE = "Movie-TrackerUITests/Info.plist";
				LD_RUNPATH_SEARCH_PATHS = (
					"$(inherited)",
					"@executable_path/Frameworks",
					"@loader_path/Frameworks",
				);
				PRODUCT_BUNDLE_IDENTIFIER = "denistsoi.Movie-TrackerUITests";
				PRODUCT_NAME = "$(TARGET_NAME)";
				SWIFT_VERSION = 5.0;
				TARGETED_DEVICE_FAMILY = "1,2";
				TEST_TARGET_NAME = "Movie-Tracker";
			};
			name = Release;
		};
/* End XCBuildConfiguration section */

/* Begin XCConfigurationList section */
		48BA7854247184D400ACA5F6 /* Build configuration list for PBXProject "Movie-Tracker" */ = {
			isa = XCConfigurationList;
			buildConfigurations = (
				48BA7884247184D700ACA5F6 /* Debug */,
				48BA7885247184D700ACA5F6 /* Release */,
			);
			defaultConfigurationIsVisible = 0;
			defaultConfigurationName = Release;
		};
		48BA7886247184D700ACA5F6 /* Build configuration list for PBXNativeTarget "Movie-Tracker" */ = {
			isa = XCConfigurationList;
			buildConfigurations = (
				48BA7887247184D700ACA5F6 /* Debug */,
				48BA7888247184D700ACA5F6 /* Release */,
			);
			defaultConfigurationIsVisible = 0;
			defaultConfigurationName = Release;
		};
		48BA7889247184D700ACA5F6 /* Build configuration list for PBXNativeTarget "Movie-TrackerTests" */ = {
			isa = XCConfigurationList;
			buildConfigurations = (
				48BA788A247184D700ACA5F6 /* Debug */,
				48BA788B247184D700ACA5F6 /* Release */,
			);
			defaultConfigurationIsVisible = 0;
			defaultConfigurationName = Release;
		};
		48BA788C247184D700ACA5F6 /* Build configuration list for PBXNativeTarget "Movie-TrackerUITests" */ = {
			isa = XCConfigurationList;
			buildConfigurations = (
				48BA788D247184D700ACA5F6 /* Debug */,
				48BA788E247184D700ACA5F6 /* Release */,
			);
			defaultConfigurationIsVisible = 0;
			defaultConfigurationName = Release;
		};
/* End XCConfigurationList section */

/* Begin XCVersionGroup section */
		48BA7860247184D400ACA5F6 /* Movie_Tracker.xcdatamodeld */ = {
			isa = XCVersionGroup;
			children = (
				48BA7861247184D400ACA5F6 /* Movie_Tracker.xcdatamodel */,
			);
			currentVersion = 48BA7861247184D400ACA5F6 /* Movie_Tracker.xcdatamodel */;
			path = Movie_Tracker.xcdatamodeld;
			sourceTree = "<group>";
			versionGroupType = wrapper.xcdatamodel;
		};
/* End XCVersionGroup section */
	};
	rootObject = 48BA7851247184D400ACA5F6 /* Project object */;
}
